
Microsoft Visual Studio Solution File, Format Version 12.00
# Visual Studio Version 17
VisualStudioVersion = 17.10.35013.160
MinimumVisualStudioVersion = 10.0.40219.1
Project("{FAE04EC0-301F-11D3-BF4B-00C04F79EFBC}") = "StudentUsosServer", "StudentUsosServer\StudentUsosServer.csproj", "{DDBF5973-5DB9-46C9-A070-F6065E993335}"
EndProject
Global
	GlobalSection(SolutionConfigurationPlatforms) = preSolution
		Debug|Any CPU = Debug|Any CPU
		Release|Any CPU = Release|Any CPU
	EndGlobalSection
	GlobalSection(ProjectConfigurationPlatforms) = postSolution
		{DDBF5973-5DB9-46C9-A070-F6065E993335}.Debug|Any CPU.ActiveCfg = Debug|Any CPU
		{DDBF5973-5DB9-46C9-A070-F6065E993335}.Debug|Any CPU.Build.0 = Debug|Any CPU
		{DDBF5973-5DB9-46C9-A070-F6065E993335}.Release|Any CPU.ActiveCfg = Release|Any CPU
		{DDBF5973-5DB9-46C9-A070-F6065E993335}.Release|Any CPU.Build.0 = Release|Any CPU
	EndGlobalSection
	GlobalSection(SolutionProperties) = preSolution
		HideSolutionNode = FALSE
	EndGlobalSection
	GlobalSection(ExtensibilityGlobals) = postSolution
		SolutionGuid = {DB52D264-8436-4642-AC52-AE9F266039EF}
	EndGlobalSection
EndGlobal
